{
  "requires": true,
  "lockfileVersion": 1,
  "dependencies": {
    "ngx-autosize": {
      "version": "1.8.4",
      "resolved": "https://registry.npmjs.org/ngx-autosize/-/ngx-autosize-1.8.4.tgz",
      "integrity": "sha512-eswPninzx2H1AyZrSNS36wMd4eLg9Hce5Utc23J3dAGher/PNC+6X9MBTqsOnQGbQk7wV1dhlZZH3252VwB05A==",
      "requires": {
        "tslib": "^1.9.0"
      }
    },
    "tslib": {
      "version": "1.14.1",
      "resolved": "https://registry.npmjs.org/tslib/-/tslib-1.14.1.tgz",
      "integrity": "sha512-Xni35NKzjgMrwevysHTCArtLDpPvye8zV/0E4EyYn43P7/7qvQwPh9BGkHewbMulVntbigmcT7rdX3BNo9wRJg=="
    }
  }
}
